
Microsoft Visual Studio Solution File, Format Version 12.00
Project("{FAE04EC0-301F-11D3-BF4B-00C04F79EFBC}") = "TarkyToolkit", "TarkyToolkit\TarkyToolkit.csproj", "{AF4782A0-872C-4433-9843-1D1408A24142}"
EndProject
Project("{FAE04EC0-301F-11D3-BF4B-00C04F79EFBC}") = "TarkyToolkit.Shared", "TarkyToolkit.Shared\TarkyToolkit.Shared.csproj", "{EB2B2A9C-708F-4AD6-A74E-86690DF8C306}"
EndProject
Project("{FAE04EC0-301F-11D3-BF4B-00C04F79EFBC}") = "TarkyToolkit.Reflection", "TarkyToolkit.Reflection\TarkyToolkit.Reflection.csproj", "{1F65F769-0338-41E9-8EC4-EF2EF4D71ED7}"
EndProject
Global
	GlobalSection(SolutionConfigurationPlatforms) = preSolution
		Debug|Any CPU = Debug|Any CPU
		Release|Any CPU = Release|Any CPU
	EndGlobalSection
	GlobalSection(ProjectConfigurationPlatforms) = postSolution
		{AF4782A0-872C-4433-9843-1D1408A24142}.Debug|Any CPU.ActiveCfg = Debug|Any CPU
		{AF4782A0-872C-4433-9843-1D1408A24142}.Debug|Any CPU.Build.0 = Debug|Any CPU
		{AF4782A0-872C-4433-9843-1D1408A24142}.Release|Any CPU.ActiveCfg = Release|Any CPU
		{AF4782A0-872C-4433-9843-1D1408A24142}.Release|Any CPU.Build.0 = Release|Any CPU
		{EB2B2A9C-708F-4AD6-A74E-86690DF8C306}.Debug|Any CPU.ActiveCfg = Debug|Any CPU
		{EB2B2A9C-708F-4AD6-A74E-86690DF8C306}.Debug|Any CPU.Build.0 = Debug|Any CPU
		{EB2B2A9C-708F-4AD6-A74E-86690DF8C306}.Release|Any CPU.ActiveCfg = Release|Any CPU
		{EB2B2A9C-708F-4AD6-A74E-86690DF8C306}.Release|Any CPU.Build.0 = Release|Any CPU
		{1F65F769-0338-41E9-8EC4-EF2EF4D71ED7}.Debug|Any CPU.ActiveCfg = Debug|Any CPU
		{1F65F769-0338-41E9-8EC4-EF2EF4D71ED7}.Debug|Any CPU.Build.0 = Debug|Any CPU
		{1F65F769-0338-41E9-8EC4-EF2EF4D71ED7}.Release|Any CPU.ActiveCfg = Release|Any CPU
		{1F65F769-0338-41E9-8EC4-EF2EF4D71ED7}.Release|Any CPU.Build.0 = Release|Any CPU
	EndGlobalSection
EndGlobal
